
Microsoft Visual Studio Solution File, Format Version 12.00
# Visual Studio Version 17
VisualStudioVersion = 17.5.33530.505
MinimumVisualStudioVersion = 10.0.40219.1
Project("{FAE04EC0-301F-11D3-BF4B-00C04F79EFBC}") = "Myfirstcloudapp", "Myfirstcloudapp\Myfirstcloudapp.csproj", "{EF636C03-0976-4FC7-B96A-8C01092C6FBD}"
EndProject
Global
	GlobalSection(SolutionConfigurationPlatforms) = preSolution
		Debug|Any CPU = Debug|Any CPU
		Release|Any CPU = Release|Any CPU
	EndGlobalSection
	GlobalSection(ProjectConfigurationPlatforms) = postSolution
		{EF636C03-0976-4FC7-B96A-8C01092C6FBD}.Debug|Any CPU.ActiveCfg = Debug|Any CPU
		{EF636C03-0976-4FC7-B96A-8C01092C6FBD}.Debug|Any CPU.Build.0 = Debug|Any CPU
		{EF636C03-0976-4FC7-B96A-8C01092C6FBD}.Release|Any CPU.ActiveCfg = Release|Any CPU
		{EF636C03-0976-4FC7-B96A-8C01092C6FBD}.Release|Any CPU.Build.0 = Release|Any CPU
	EndGlobalSection
	GlobalSection(SolutionProperties) = preSolution
		HideSolutionNode = FALSE
	EndGlobalSection
	GlobalSection(ExtensibilityGlobals) = postSolution
		SolutionGuid = {7EC6C2A8-9978-48F4-A150-4E118AADF52B}
	EndGlobalSection
EndGlobal
